
Microsoft Visual Studio Solution File, Format Version 12.00
# Visual Studio Version 17
VisualStudioVersion = 17.14.36414.22 d17.14
MinimumVisualStudioVersion = 10.0.40219.1
Project("{FAE04EC0-301F-11D3-BF4B-00C04F79EFBC}") = "Linmap", "Linmap\Linmap.csproj", "{C5A60479-8C91-4ACC-B2DF-D0B8AE48F262}"
EndProject
Global
	GlobalSection(SolutionConfigurationPlatforms) = preSolution
		Debug|Any CPU = Debug|Any CPU
		Release|Any CPU = Release|Any CPU
	EndGlobalSection
	GlobalSection(ProjectConfigurationPlatforms) = postSolution
		{C5A60479-8C91-4ACC-B2DF-D0B8AE48F262}.Debug|Any CPU.ActiveCfg = Debug|Any CPU
		{C5A60479-8C91-4ACC-B2DF-D0B8AE48F262}.Debug|Any CPU.Build.0 = Debug|Any CPU
		{C5A60479-8C91-4ACC-B2DF-D0B8AE48F262}.Release|Any CPU.ActiveCfg = Release|Any CPU
		{C5A60479-8C91-4ACC-B2DF-D0B8AE48F262}.Release|Any CPU.Build.0 = Release|Any CPU
	EndGlobalSection
	GlobalSection(SolutionProperties) = preSolution
		HideSolutionNode = FALSE
	EndGlobalSection
	GlobalSection(ExtensibilityGlobals) = postSolution
		SolutionGuid = {5A8123E3-6B0E-4A9E-9F33-314E678A52B8}
	EndGlobalSection
EndGlobal
